
Microsoft Visual Studio Solution File, Format Version 12.00
# Visual Studio Version 17
VisualStudioVersion = 17.4.33205.214
MinimumVisualStudioVersion = 10.0.40219.1
Project("{FAE04EC0-301F-11D3-BF4B-00C04F79EFBC}") = "CALCULATOR-Z", "CALCULATOR-Z\CALCULATOR-Z.csproj", "{E48815DF-9BC8-482B-A12E-2F4CCCAC5E87}"
EndProject
Global
	GlobalSection(SolutionConfigurationPlatforms) = preSolution
		Debug|Any CPU = Debug|Any CPU
		Release|Any CPU = Release|Any CPU
	EndGlobalSection
	GlobalSection(ProjectConfigurationPlatforms) = postSolution
		{E48815DF-9BC8-482B-A12E-2F4CCCAC5E87}.Debug|Any CPU.ActiveCfg = Debug|Any CPU
		{E48815DF-9BC8-482B-A12E-2F4CCCAC5E87}.Debug|Any CPU.Build.0 = Debug|Any CPU
		{E48815DF-9BC8-482B-A12E-2F4CCCAC5E87}.Release|Any CPU.ActiveCfg = Release|Any CPU
		{E48815DF-9BC8-482B-A12E-2F4CCCAC5E87}.Release|Any CPU.Build.0 = Release|Any CPU
	EndGlobalSection
	GlobalSection(SolutionProperties) = preSolution
		HideSolutionNode = FALSE
	EndGlobalSection
	GlobalSection(ExtensibilityGlobals) = postSolution
		SolutionGuid = {8E545A77-362C-4072-9CA0-37AAB2ED9823}
	EndGlobalSection
EndGlobal
